
Microsoft Visual Studio Solution File, Format Version 12.00
# Visual Studio Version 17
VisualStudioVersion = 17.8.34316.72
MinimumVisualStudioVersion = 10.0.40219.1
Project("{9A19103F-16F7-4668-BE54-9A1E7A4F7556}") = "ProgrammersBlog.Shared", "ProgrammersBlog.Shared\ProgrammersBlog.Shared.csproj", "{EE26E182-C2E2-4CE9-B8BC-D38CE4A5511C}"
EndProject
Project("{9A19103F-16F7-4668-BE54-9A1E7A4F7556}") = "ProgrammersBlog.Entities", "ProgrammersBlog.Entities\ProgrammersBlog.Entities.csproj", "{DC119BEC-AFA0-4044-981B-A24EF555D28E}"
EndProject
Project("{9A19103F-16F7-4668-BE54-9A1E7A4F7556}") = "ProgrammersBlog.Data", "ProgrammersBlog.Data\ProgrammersBlog.Data.csproj", "{0C6CD6CD-ABE3-45EA-AD35-7A19F264D019}"
EndProject
Project("{9A19103F-16F7-4668-BE54-9A1E7A4F7556}") = "ProgrammersBlog.Services", "ProgrammersBlog.Services\ProgrammersBlog.Services.csproj", "{AF958BAF-E8C4-4026-9EB2-85624C2BE72D}"
EndProject
Project("{9A19103F-16F7-4668-BE54-9A1E7A4F7556}") = "ProgrammersBlog.Mvc", "ProgrammersBlog.Mvc\ProgrammersBlog.Mvc.csproj", "{7CCFDCE6-C5B2-416B-AB18-4A7F4B081A8D}"
EndProject
Global
	GlobalSection(SolutionConfigurationPlatforms) = preSolution
		Debug|Any CPU = Debug|Any CPU
		Release|Any CPU = Release|Any CPU
	EndGlobalSection
	GlobalSection(ProjectConfigurationPlatforms) = postSolution
		{EE26E182-C2E2-4CE9-B8BC-D38CE4A5511C}.Debug|Any CPU.ActiveCfg = Debug|Any CPU
		{EE26E182-C2E2-4CE9-B8BC-D38CE4A5511C}.Debug|Any CPU.Build.0 = Debug|Any CPU
		{EE26E182-C2E2-4CE9-B8BC-D38CE4A5511C}.Release|Any CPU.ActiveCfg = Release|Any CPU
		{EE26E182-C2E2-4CE9-B8BC-D38CE4A5511C}.Release|Any CPU.Build.0 = Release|Any CPU
		{DC119BEC-AFA0-4044-981B-A24EF555D28E}.Debug|Any CPU.ActiveCfg = Debug|Any CPU
		{DC119BEC-AFA0-4044-981B-A24EF555D28E}.Debug|Any CPU.Build.0 = Debug|Any CPU
		{DC119BEC-AFA0-4044-981B-A24EF555D28E}.Release|Any CPU.ActiveCfg = Release|Any CPU
		{DC119BEC-AFA0-4044-981B-A24EF555D28E}.Release|Any CPU.Build.0 = Release|Any CPU
		{0C6CD6CD-ABE3-45EA-AD35-7A19F264D019}.Debug|Any CPU.ActiveCfg = Debug|Any CPU
		{0C6CD6CD-ABE3-45EA-AD35-7A19F264D019}.Debug|Any CPU.Build.0 = Debug|Any CPU
		{0C6CD6CD-ABE3-45EA-AD35-7A19F264D019}.Release|Any CPU.ActiveCfg = Release|Any CPU
		{0C6CD6CD-ABE3-45EA-AD35-7A19F264D019}.Release|Any CPU.Build.0 = Release|Any CPU
		{AF958BAF-E8C4-4026-9EB2-85624C2BE72D}.Debug|Any CPU.ActiveCfg = Debug|Any CPU
		{AF958BAF-E8C4-4026-9EB2-85624C2BE72D}.Debug|Any CPU.Build.0 = Debug|Any CPU
		{AF958BAF-E8C4-4026-9EB2-85624C2BE72D}.Release|Any CPU.ActiveCfg = Release|Any CPU
		{AF958BAF-E8C4-4026-9EB2-85624C2BE72D}.Release|Any CPU.Build.0 = Release|Any CPU
		{7CCFDCE6-C5B2-416B-AB18-4A7F4B081A8D}.Debug|Any CPU.ActiveCfg = Debug|Any CPU
		{7CCFDCE6-C5B2-416B-AB18-4A7F4B081A8D}.Debug|Any CPU.Build.0 = Debug|Any CPU
		{7CCFDCE6-C5B2-416B-AB18-4A7F4B081A8D}.Release|Any CPU.ActiveCfg = Release|Any CPU
		{7CCFDCE6-C5B2-416B-AB18-4A7F4B081A8D}.Release|Any CPU.Build.0 = Release|Any CPU
	EndGlobalSection
	GlobalSection(SolutionProperties) = preSolution
		HideSolutionNode = FALSE
	EndGlobalSection
	GlobalSection(ExtensibilityGlobals) = postSolution
		SolutionGuid = {EAE617A0-FFC4-411A-A715-2DCCD3EE9618}
	EndGlobalSection
EndGlobal
